
Microsoft Visual Studio Solution File, Format Version 12.00
# Visual Studio Version 17
VisualStudioVersion = 17.0.32112.339
MinimumVisualStudioVersion = 10.0.40219.1
Project("{9A19103F-16F7-4668-BE54-9A1E7A4F7556}") = "WebApplication1", "WebApplication1\WebApplication1.csproj", "{D0C366DA-7CEF-406F-9CFE-BF158006C821}"
EndProject
Project("{9A19103F-16F7-4668-BE54-9A1E7A4F7556}") = "Persistence", "Persistence\Persistence.csproj", "{796C6B75-00B6-4E7F-9445-C7CAEBCFA8B9}"
EndProject
Project("{9A19103F-16F7-4668-BE54-9A1E7A4F7556}") = "Domain", "Domain\Domain.csproj", "{B742228C-A772-4A36-8A52-C3C496322672}"
EndProject
Project("{FAE04EC0-301F-11D3-BF4B-00C04F79EFBC}") = "AuthenticationServices", "AuthenticationServices\AuthenticationServices.csproj", "{3852956C-FB3A-4A34-A46E-1708F615C5D4}"
EndProject
Global
	GlobalSection(SolutionConfigurationPlatforms) = preSolution
		Debug|Any CPU = Debug|Any CPU
		Release|Any CPU = Release|Any CPU
	EndGlobalSection
	GlobalSection(ProjectConfigurationPlatforms) = postSolution
		{D0C366DA-7CEF-406F-9CFE-BF158006C821}.Debug|Any CPU.ActiveCfg = Debug|Any CPU
		{D0C366DA-7CEF-406F-9CFE-BF158006C821}.Debug|Any CPU.Build.0 = Debug|Any CPU
		{D0C366DA-7CEF-406F-9CFE-BF158006C821}.Release|Any CPU.ActiveCfg = Release|Any CPU
		{D0C366DA-7CEF-406F-9CFE-BF158006C821}.Release|Any CPU.Build.0 = Release|Any CPU
		{796C6B75-00B6-4E7F-9445-C7CAEBCFA8B9}.Debug|Any CPU.ActiveCfg = Debug|Any CPU
		{796C6B75-00B6-4E7F-9445-C7CAEBCFA8B9}.Debug|Any CPU.Build.0 = Debug|Any CPU
		{796C6B75-00B6-4E7F-9445-C7CAEBCFA8B9}.Release|Any CPU.ActiveCfg = Release|Any CPU
		{796C6B75-00B6-4E7F-9445-C7CAEBCFA8B9}.Release|Any CPU.Build.0 = Release|Any CPU
		{B742228C-A772-4A36-8A52-C3C496322672}.Debug|Any CPU.ActiveCfg = Debug|Any CPU
		{B742228C-A772-4A36-8A52-C3C496322672}.Debug|Any CPU.Build.0 = Debug|Any CPU
		{B742228C-A772-4A36-8A52-C3C496322672}.Release|Any CPU.ActiveCfg = Release|Any CPU
		{B742228C-A772-4A36-8A52-C3C496322672}.Release|Any CPU.Build.0 = Release|Any CPU
		{3852956C-FB3A-4A34-A46E-1708F615C5D4}.Debug|Any CPU.ActiveCfg = Debug|Any CPU
		{3852956C-FB3A-4A34-A46E-1708F615C5D4}.Debug|Any CPU.Build.0 = Debug|Any CPU
		{3852956C-FB3A-4A34-A46E-1708F615C5D4}.Release|Any CPU.ActiveCfg = Release|Any CPU
		{3852956C-FB3A-4A34-A46E-1708F615C5D4}.Release|Any CPU.Build.0 = Release|Any CPU
	EndGlobalSection
	GlobalSection(SolutionProperties) = preSolution
		HideSolutionNode = FALSE
	EndGlobalSection
	GlobalSection(ExtensibilityGlobals) = postSolution
		SolutionGuid = {13E85702-FA27-4256-BAC8-CB4F376986F7}
	EndGlobalSection
EndGlobal
